
Microsoft Visual Studio Solution File, Format Version 12.00
# Visual Studio Version 17
VisualStudioVersion = 17.3.32922.545
MinimumVisualStudioVersion = 10.0.40219.1
Project("{FAE04EC0-301F-11D3-BF4B-00C04F79EFBC}") = "NtoLib", "NtoLib\NtoLib.csproj", "{AB49B767-7843-42AE-B6D2-443AFBFF7699}"
EndProject
Project("{FAE04EC0-301F-11D3-BF4B-00C04F79EFBC}") = "Tests", "Tests\Tests.csproj", "{D684E7B1-E891-4620-86D3-375409EA0A95}"
EndProject
Global
	GlobalSection(SolutionConfigurationPlatforms) = preSolution
		Debug|Any CPU = Debug|Any CPU
		Release|Any CPU = Release|Any CPU
	EndGlobalSection
	GlobalSection(ProjectConfigurationPlatforms) = postSolution
		{AB49B767-7843-42AE-B6D2-443AFBFF7699}.Debug|Any CPU.ActiveCfg = Debug|Any CPU
		{AB49B767-7843-42AE-B6D2-443AFBFF7699}.Debug|Any CPU.Build.0 = Debug|Any CPU
		{AB49B767-7843-42AE-B6D2-443AFBFF7699}.Release|Any CPU.ActiveCfg = Release|Any CPU
		{AB49B767-7843-42AE-B6D2-443AFBFF7699}.Release|Any CPU.Build.0 = Release|Any CPU
		{D684E7B1-E891-4620-86D3-375409EA0A95}.Debug|Any CPU.ActiveCfg = Debug|Any CPU
		{D684E7B1-E891-4620-86D3-375409EA0A95}.Debug|Any CPU.Build.0 = Debug|Any CPU
		{D684E7B1-E891-4620-86D3-375409EA0A95}.Release|Any CPU.ActiveCfg = Release|Any CPU
		{D684E7B1-E891-4620-86D3-375409EA0A95}.Release|Any CPU.Build.0 = Release|Any CPU
	EndGlobalSection
	GlobalSection(SolutionProperties) = preSolution
		HideSolutionNode = FALSE
	EndGlobalSection
	GlobalSection(ExtensibilityGlobals) = postSolution
		SolutionGuid = {59D52E63-61A5-42E7-9404-297D9572688D}
	EndGlobalSection
EndGlobal
